// !$*UTF8*$!
{
	archiveVersion = 1;
	classes = {
	};
	objectVersion = 46;
	objects = {

/* Begin PBXBuildFile section */
		0ACE50985EEE703997CE29EB /* libPods.a in Frameworks */ = {isa = PBXBuildFile; fileRef = B2A30D85163FD31EB29EBE18 /* libPods.a */; };
		425CE55A1C999E1500CE4530 /* EditAccountViewController.swift in Sources */ = {isa = PBXBuildFile; fileRef = 425CE5591C999E1500CE4530 /* EditAccountViewController.swift */; };
		4944D8741CB7EC210095CF40 /* CategoryCell.swift in Sources */ = {isa = PBXBuildFile; fileRef = 4944D8731CB7EC210095CF40 /* CategoryCell.swift */; };
		4944D8761CB7EC540095CF40 /* CategoriesViewController.swift in Sources */ = {isa = PBXBuildFile; fileRef = 4944D8751CB7EC540095CF40 /* CategoriesViewController.swift */; };
		4982F7701CBAA19800A9B44D /* SpecificCategoryTableVC.swift in Sources */ = {isa = PBXBuildFile; fileRef = 4982F76F1CBAA19800A9B44D /* SpecificCategoryTableVC.swift */; };
		4995C5D61C91A68800D45899 /* AppDelegate.swift in Sources */ = {isa = PBXBuildFile; fileRef = 4995C5D51C91A68800D45899 /* AppDelegate.swift */; };
		4995C5D81C91A68800D45899 /* FirstViewController.swift in Sources */ = {isa = PBXBuildFile; fileRef = 4995C5D71C91A68800D45899 /* FirstViewController.swift */; };
		4995C5DF1C91A68800D45899 /* Assets.xcassets in Resources */ = {isa = PBXBuildFile; fileRef = 4995C5DE1C91A68800D45899 /* Assets.xcassets */; };
		4995C5E21C91A68800D45899 /* LaunchScreen.storyboard in Resources */ = {isa = PBXBuildFile; fileRef = 4995C5E01C91A68800D45899 /* LaunchScreen.storyboard */; };
		4995C5ED1C91A68800D45899 /* BusinessWalletTests.swift in Sources */ = {isa = PBXBuildFile; fileRef = 4995C5EC1C91A68800D45899 /* BusinessWalletTests.swift */; };
		4995C5F81C91A68800D45899 /* BusinessWalletUITests.swift in Sources */ = {isa = PBXBuildFile; fileRef = 4995C5F71C91A68800D45899 /* BusinessWalletUITests.swift */; };
		49A21C961CE0717A00CEE266 /* SRCopyableLabel.swift in Sources */ = {isa = PBXBuildFile; fileRef = 49A21C951CE0717A00CEE266 /* SRCopyableLabel.swift */; };
		49BEC1A31CC122AB001251DA /* DetailsViewController.swift in Sources */ = {isa = PBXBuildFile; fileRef = 49BEC1A21CC122AB001251DA /* DetailsViewController.swift */; };
		49CF7DA41C985733006C989A /* Account.swift in Sources */ = {isa = PBXBuildFile; fileRef = 49CF7DA31C985733006C989A /* Account.swift */; };
		49CF7DA91C98589D006C989A /* NewAccount.swift in Sources */ = {isa = PBXBuildFile; fileRef = 49CF7DA81C98589D006C989A /* NewAccount.swift */; };
		49CF7DAB1C988595006C989A /* YourAccount.swift in Sources */ = {isa = PBXBuildFile; fileRef = 49CF7DAA1C988595006C989A /* YourAccount.swift */; };
		49CF7DAD1C9891B7006C989A /* ForgrtPassword.swift in Sources */ = {isa = PBXBuildFile; fileRef = 49CF7DAC1C9891B7006C989A /* ForgrtPassword.swift */; };
		49CF7DAF1C989260006C989A /* Main.storyboard in Resources */ = {isa = PBXBuildFile; fileRef = 49CF7DAE1C989260006C989A /* Main.storyboard */; };
/* End PBXBuildFile section */

/* Begin PBXContainerItemProxy section */
		4995C5E91C91A68800D45899 /* PBXContainerItemProxy */ = {
			isa = PBXContainerItemProxy;
			containerPortal = 4995C5CA1C91A68800D45899 /* Project object */;
			proxyType = 1;
			remoteGlobalIDString = 4995C5D11C91A68800D45899;
			remoteInfo = BusinessWallet;
		};
		4995C5F41C91A68800D45899 /* PBXContainerItemProxy */ = {
			isa = PBXContainerItemProxy;
			containerPortal = 4995C5CA1C91A68800D45899 /* Project object */;
			proxyType = 1;
			remoteGlobalIDString = 4995C5D11C91A68800D45899;
			remoteInfo = BusinessWallet;
		};
/* End PBXContainerItemProxy section */

/* Begin PBXFileReference section */
		425CE5591C999E1500CE4530 /* EditAccountViewController.swift */ = {isa = PBXFileReference; fileEncoding = 4; lastKnownFileType = sourcecode.swift; path = EditAccountViewController.swift; sourceTree = "<group>"; };
		4944D8731CB7EC210095CF40 /* CategoryCell.swift */ = {isa = PBXFileReference; fileEncoding = 4; lastKnownFileType = sourcecode.swift; path = CategoryCell.swift; sourceTree = "<group>"; };
		4944D8751CB7EC540095CF40 /* CategoriesViewController.swift */ = {isa = PBXFileReference; fileEncoding = 4; lastKnownFileType = sourcecode.swift; path = CategoriesViewController.swift; sourceTree = "<group>"; };
		4982F76F1CBAA19800A9B44D /* SpecificCategoryTableVC.swift */ = {isa = PBXFileReference; fileEncoding = 4; lastKnownFileType = sourcecode.swift; path = SpecificCategoryTableVC.swift; sourceTree = "<group>"; };
		4995C5D21C91A68800D45899 /* BusinessWallet.app */ = {isa = PBXFileReference; explicitFileType = wrapper.application; includeInIndex = 0; path = BusinessWallet.app; sourceTree = BUILT_PRODUCTS_DIR; };
		4995C5D51C91A68800D45899 /* AppDelegate.swift */ = {isa = PBXFileReference; lastKnownFileType = sourcecode.swift; path = AppDelegate.swift; sourceTree = "<group>"; };
		4995C5D71C91A68800D45899 /* FirstViewController.swift */ = {isa = PBXFileReference; lastKnownFileType = sourcecode.swift; path = FirstViewController.swift; sourceTree = "<group>"; };
		4995C5DE1C91A68800D45899 /* Assets.xcassets */ = {isa = PBXFileReference; lastKnownFileType = folder.assetcatalog; path = Assets.xcassets; sourceTree = "<group>"; };
		4995C5E11C91A68800D45899 /* Base */ = {isa = PBXFileReference; lastKnownFileType = file.storyboard; name = Base; path = Base.lproj/LaunchScreen.storyboard; sourceTree = "<group>"; };
		4995C5E31C91A68800D45899 /* Info.plist */ = {isa = PBXFileReference; lastKnownFileType = text.plist.xml; path = Info.plist; sourceTree = "<group>"; };
		4995C5E81C91A68800D45899 /* BusinessWalletTests.xctest */ = {isa = PBXFileReference; explicitFileType = wrapper.cfbundle; includeInIndex = 0; path = BusinessWalletTests.xctest; sourceTree = BUILT_PRODUCTS_DIR; };
		4995C5EC1C91A68800D45899 /* BusinessWalletTests.swift */ = {isa = PBXFileReference; lastKnownFileType = sourcecode.swift; path = BusinessWalletTests.swift; sourceTree = "<group>"; };
		4995C5EE1C91A68800D45899 /* Info.plist */ = {isa = PBXFileReference; lastKnownFileType = text.plist.xml; path = Info.plist; sourceTree = "<group>"; };
		4995C5F31C91A68800D45899 /* BusinessWalletUITests.xctest */ = {isa = PBXFileReference; explicitFileType = wrapper.cfbundle; includeInIndex = 0; path = BusinessWalletUITests.xctest; sourceTree = BUILT_PRODUCTS_DIR; };
		4995C5F71C91A68800D45899 /* BusinessWalletUITests.swift */ = {isa = PBXFileReference; lastKnownFileType = sourcecode.swift; path = BusinessWalletUITests.swift; sourceTree = "<group>"; };
		4995C5F91C91A68800D45899 /* Info.plist */ = {isa = PBXFileReference; lastKnownFileType = text.plist.xml; path = Info.plist; sourceTree = "<group>"; };
		49A21C951CE0717A00CEE266 /* SRCopyableLabel.swift */ = {isa = PBXFileReference; fileEncoding = 4; lastKnownFileType = sourcecode.swift; path = SRCopyableLabel.swift; sourceTree = "<group>"; };
		49BEC1A21CC122AB001251DA /* DetailsViewController.swift */ = {isa = PBXFileReference; fileEncoding = 4; lastKnownFileType = sourcecode.swift; path = DetailsViewController.swift; sourceTree = "<group>"; };
		49CF7DA31C985733006C989A /* Account.swift */ = {isa = PBXFileReference; fileEncoding = 4; lastKnownFileType = sourcecode.swift; path = Account.swift; sourceTree = "<group>"; };
		49CF7DA51C9857B3006C989A /* BusinessWallet-Bridging-Header.h */ = {isa = PBXFileReference; lastKnownFileType = sourcecode.c.h; path = "BusinessWallet-Bridging-Header.h"; sourceTree = "<group>"; };
		49CF7DA81C98589D006C989A /* NewAccount.swift */ = {isa = PBXFileReference; fileEncoding = 4; lastKnownFileType = sourcecode.swift; path = NewAccount.swift; sourceTree = "<group>"; };
		49CF7DAA1C988595006C989A /* YourAccount.swift */ = {isa = PBXFileReference; fileEncoding = 4; lastKnownFileType = sourcecode.swift; path = YourAccount.swift; sourceTree = "<group>"; };
		49CF7DAC1C9891B7006C989A /* ForgrtPassword.swift */ = {isa = PBXFileReference; fileEncoding = 4; lastKnownFileType = sourcecode.swift; path = ForgrtPassword.swift; sourceTree = "<group>"; };
		49CF7DAE1C989260006C989A /* Main.storyboard */ = {isa = PBXFileReference; fileEncoding = 4; lastKnownFileType = file.storyboard; path = Main.storyboard; sourceTree = "<group>"; };
		60FC46EF9CF8EC941401B498 /* Pods.release.xcconfig */ = {isa = PBXFileReference; includeInIndex = 1; lastKnownFileType = text.xcconfig; name = Pods.release.xcconfig; path = "Pods/Target Support Files/Pods/Pods.release.xcconfig"; sourceTree = "<group>"; };
		7EEF437455B8D74344EB275C /* Pods.debug.xcconfig */ = {isa = PBXFileReference; includeInIndex = 1; lastKnownFileType = text.xcconfig; name = Pods.debug.xcconfig; path = "Pods/Target Support Files/Pods/Pods.debug.xcconfig"; sourceTree = "<group>"; };
		B2A30D85163FD31EB29EBE18 /* libPods.a */ = {isa = PBXFileReference; explicitFileType = archive.ar; includeInIndex = 0; path = libPods.a; sourceTree = BUILT_PRODUCTS_DIR; };
/* End PBXFileReference section */

/* Begin PBXFrameworksBuildPhase section */
		4995C5CF1C91A68800D45899 /* Frameworks */ = {
			isa = PBXFrameworksBuildPhase;
			buildActionMask = 2147483647;
			files = (
				0ACE50985EEE703997CE29EB /* libPods.a in Frameworks */,
			);
			runOnlyForDeploymentPostprocessing = 0;
		};
		4995C5E51C91A68800D45899 /* Frameworks */ = {
			isa = PBXFrameworksBuildPhase;
			buildActionMask = 2147483647;
			files = (
			);
			runOnlyForDeploymentPostprocessing = 0;
		};
		4995C5F01C91A68800D45899 /* Frameworks */ = {
			isa = PBXFrameworksBuildPhase;
			buildActionMask = 2147483647;
			files = (
			);
			runOnlyForDeploymentPostprocessing = 0;
		};
/* End PBXFrameworksBuildPhase section */

/* Begin PBXGroup section */
		4944D8711CB7EBCF0095CF40 /* Account */ = {
			isa = PBXGroup;
			children = (
				49CF7DA31C985733006C989A /* Account.swift */,
				49CF7DA81C98589D006C989A /* NewAccount.swift */,
				49CF7DAA1C988595006C989A /* YourAccount.swift */,
				425CE5591C999E1500CE4530 /* EditAccountViewController.swift */,
				49CF7DAC1C9891B7006C989A /* ForgrtPassword.swift */,
			);
			name = Account;
			sourceTree = "<group>";
		};
		4944D8721CB7EBE90095CF40 /* Categories */ = {
			isa = PBXGroup;
			children = (
				4944D8751CB7EC540095CF40 /* CategoriesViewController.swift */,
				4944D8731CB7EC210095CF40 /* CategoryCell.swift */,
				4982F76F1CBAA19800A9B44D /* SpecificCategoryTableVC.swift */,
				49BEC1A21CC122AB001251DA /* DetailsViewController.swift */,
			);
			name = Categories;
			sourceTree = "<group>";
		};
		4995C5C91C91A68800D45899 = {
			isa = PBXGroup;
			children = (
				4995C5D41C91A68800D45899 /* BusinessWallet */,
				4995C5EB1C91A68800D45899 /* BusinessWalletTests */,
				4995C5F61C91A68800D45899 /* BusinessWalletUITests */,
				4995C5D31C91A68800D45899 /* Products */,
				87C39F91F162553732380ED7 /* Pods */,
				C3E8F24C95A3EFD60A92968A /* Frameworks */,
			);
			sourceTree = "<group>";
		};
		4995C5D31C91A68800D45899 /* Products */ = {
			isa = PBXGroup;
			children = (
				4995C5D21C91A68800D45899 /* BusinessWallet.app */,
				4995C5E81C91A68800D45899 /* BusinessWalletTests.xctest */,
				4995C5F31C91A68800D45899 /* BusinessWalletUITests.xctest */,
			);
			name = Products;
			sourceTree = "<group>";
		};
		4995C5D41C91A68800D45899 /* BusinessWallet */ = {
			isa = PBXGroup;
			children = (
				49A21C951CE0717A00CEE266 /* SRCopyableLabel.swift */,
				4944D8721CB7EBE90095CF40 /* Categories */,
				4944D8711CB7EBCF0095CF40 /* Account */,
				49CF7DAE1C989260006C989A /* Main.storyboard */,
				4995C5D51C91A68800D45899 /* AppDelegate.swift */,
				4995C5D71C91A68800D45899 /* FirstViewController.swift */,
				4995C5DE1C91A68800D45899 /* Assets.xcassets */,
				4995C5E01C91A68800D45899 /* LaunchScreen.storyboard */,
				4995C5E31C91A68800D45899 /* Info.plist */,
				49CF7DA51C9857B3006C989A /* BusinessWallet-Bridging-Header.h */,
			);
			path = BusinessWallet;
			sourceTree = "<group>";
		};
		4995C5EB1C91A68800D45899 /* BusinessWalletTests */ = {
			isa = PBXGroup;
			children = (
				4995C5EC1C91A68800D45899 /* BusinessWalletTests.swift */,
				4995C5EE1C91A68800D45899 /* Info.plist */,
			);
			path = BusinessWalletTests;
			sourceTree = "<group>";
		};
		4995C5F61C91A68800D45899 /* BusinessWalletUITests */ = {
			isa = PBXGroup;
			children = (
				4995C5F71C91A68800D45899 /* BusinessWalletUITests.swift */,
				4995C5F91C91A68800D45899 /* Info.plist */,
			);
			path = BusinessWalletUITests;
			sourceTree = "<group>";
		};
		87C39F91F162553732380ED7 /* Pods */ = {
			isa = PBXGroup;
			children = (
				7EEF437455B8D74344EB275C /* Pods.debug.xcconfig */,
				60FC46EF9CF8EC941401B498 /* Pods.release.xcconfig */,
			);
			name = Pods;
			sourceTree = "<group>";
		};
		C3E8F24C95A3EFD60A92968A /* Frameworks */ = {
			isa = PBXGroup;
			children = (
				B2A30D85163FD31EB29EBE18 /* libPods.a */,
			);
			name = Frameworks;
			sourceTree = "<group>";
		};
/* End PBXGroup section */

/* Begin PBXNativeTarget section */
		4995C5D11C91A68800D45899 /* BusinessWallet */ = {
			isa = PBXNativeTarget;
			buildConfigurationList = 4995C5FC1C91A68800D45899 /* Build configuration list for PBXNativeTarget "BusinessWallet" */;
			buildPhases = (
				81E1B99328CB7878D992576C /* Check Pods Manifest.lock */,
				4995C5CE1C91A68800D45899 /* Sources */,
				4995C5CF1C91A68800D45899 /* Frameworks */,
				4995C5D01C91A68800D45899 /* Resources */,
				90643BBD2335F80334F29029 /* Embed Pods Frameworks */,
				B50CA86AA0C80DC6AD3F1458 /* Copy Pods Resources */,
			);
			buildRules = (
			);
			dependencies = (
			);
			name = BusinessWallet;
			productName = BusinessWallet;
			productReference = 4995C5D21C91A68800D45899 /* BusinessWallet.app */;
			productType = "com.apple.product-type.application";
		};
		4995C5E71C91A68800D45899 /* BusinessWalletTests */ = {
			isa = PBXNativeTarget;
			buildConfigurationList = 4995C5FF1C91A68800D45899 /* Build configuration list for PBXNativeTarget "BusinessWalletTests" */;
			buildPhases = (
				4995C5E41C91A68800D45899 /* Sources */,
				4995C5E51C91A68800D45899 /* Frameworks */,
				4995C5E61C91A68800D45899 /* Resources */,
			);
			buildRules = (
			);
			dependencies = (
				4995C5EA1C91A68800D45899 /* PBXTargetDependency */,
			);
			name = BusinessWalletTests;
			productName = BusinessWalletTests;
			productReference = 4995C5E81C91A68800D45899 /* BusinessWalletTests.xctest */;
			productType = "com.apple.product-type.bundle.unit-test";
		};
		4995C5F21C91A68800D45899 /* BusinessWalletUITests */ = {
			isa = PBXNativeTarget;
			buildConfigurationList = 4995C6021C91A68800D45899 /* Build configuration list for PBXNativeTarget "BusinessWalletUITests" */;
			buildPhases = (
				4995C5EF1C91A68800D45899 /* Sources */,
				4995C5F01C91A68800D45899 /* Frameworks */,
				4995C5F11C91A68800D45899 /* Resources */,
			);
			buildRules = (
			);
			dependencies = (
				4995C5F51C91A68800D45899 /* PBXTargetDependency */,
			);
			name = BusinessWalletUITests;
			productName = BusinessWalletUITests;
			productReference = 4995C5F31C91A68800D45899 /* BusinessWalletUITests.xctest */;
			productType = "com.apple.product-type.bundle.ui-testing";
		};
/* End PBXNativeTarget section */

/* Begin PBXProject section */
		4995C5CA1C91A68800D45899 /* Project object */ = {
			isa = PBXProject;
			attributes = {
				LastSwiftUpdateCheck = 0710;
				LastUpgradeCheck = 0710;
				ORGANIZATIONNAME = BusinessWallet;
				TargetAttributes = {
					4995C5D11C91A68800D45899 = {
						CreatedOnToolsVersion = 7.1;
						DevelopmentTeam = LEN2GZ9E3T;
					};
					4995C5E71C91A68800D45899 = {
						CreatedOnToolsVersion = 7.1;
						TestTargetID = 4995C5D11C91A68800D45899;
					};
					4995C5F21C91A68800D45899 = {
						CreatedOnToolsVersion = 7.1;
						TestTargetID = 4995C5D11C91A68800D45899;
					};
				};
			};
			buildConfigurationList = 4995C5CD1C91A68800D45899 /* Build configuration list for PBXProject "BusinessWallet" */;
			compatibilityVersion = "Xcode 3.2";
			developmentRegion = English;
			hasScannedForEncodings = 0;
			knownRegions = (
				en,
				Base,
			);
			mainGroup = 4995C5C91C91A68800D45899;
			productRefGroup = 4995C5D31C91A68800D45899 /* Products */;
			projectDirPath = "";
			projectRoot = "";
			targets = (
				4995C5D11C91A68800D45899 /* BusinessWallet */,
				4995C5E71C91A68800D45899 /* BusinessWalletTests */,
				4995C5F21C91A68800D45899 /* BusinessWalletUITests */,
			);
		};
/* End PBXProject section */

/* Begin PBXResourcesBuildPhase section */
		4995C5D01C91A68800D45899 /* Resources */ = {
			isa = PBXResourcesBuildPhase;
			buildActionMask = 2147483647;
			files = (
				49CF7DAF1C989260006C989A /* Main.storyboard in Resources */,
				4995C5E21C91A68800D45899 /* LaunchScreen.storyboard in Resources */,
				4995C5DF1C91A68800D45899 /* Assets.xcassets in Resources */,
			);
			runOnlyForDeploymentPostprocessing = 0;
		};
		4995C5E61C91A68800D45899 /* Resources */ = {
			isa = PBXResourcesBuildPhase;
			buildActionMask = 2147483647;
			files = (
			);
			runOnlyForDeploymentPostprocessing = 0;
		};
		4995C5F11C91A68800D45899 /* Resources */ = {
			isa = PBXResourcesBuildPhase;
			buildActionMask = 2147483647;
			files = (
			);
			runOnlyForDeploymentPostprocessing = 0;
		};
/* End PBXResourcesBuildPhase section */

/* Begin PBXShellScriptBuildPhase section */
		81E1B99328CB7878D992576C /* Check Pods Manifest.lock */ = {
			isa = PBXShellScriptBuildPhase;
			buildActionMask = 2147483647;
			files = (
			);
			inputPaths = (
			);
			name = "Check Pods Manifest.lock";
			outputPaths = (
			);
			runOnlyForDeploymentPostprocessing = 0;
			shellPath = /bin/sh;
			shellScript = "diff \"${PODS_ROOT}/../Podfile.lock\" \"${PODS_ROOT}/Manifest.lock\" > /dev/null\nif [[ $? != 0 ]] ; then\n    cat << EOM\nerror: The sandbox is not in sync with the Podfile.lock. Run 'pod install' or update your CocoaPods installation.\nEOM\n    exit 1\nfi\n";
			showEnvVarsInLog = 0;
		};
		90643BBD2335F80334F29029 /* Embed Pods Frameworks */ = {
			isa = PBXShellScriptBuildPhase;
			buildActionMask = 2147483647;
			files = (
			);
			inputPaths = (
			);
			name = "Embed Pods Frameworks";
			outputPaths = (
			);
			runOnlyForDeploymentPostprocessing = 0;
			shellPath = /bin/sh;
			shellScript = "\"${SRCROOT}/Pods/Target Support Files/Pods/Pods-frameworks.sh\"\n";
			showEnvVarsInLog = 0;
		};
		B50CA86AA0C80DC6AD3F1458 /* Copy Pods Resources */ = {
			isa = PBXShellScriptBuildPhase;
			buildActionMask = 2147483647;
			files = (
			);
			inputPaths = (
			);
			name = "Copy Pods Resources";
			outputPaths = (
			);
			runOnlyForDeploymentPostprocessing = 0;
			shellPath = /bin/sh;
			shellScript = "\"${SRCROOT}/Pods/Target Support Files/Pods/Pods-resources.sh\"\n";
			showEnvVarsInLog = 0;
		};
/* End PBXShellScriptBuildPhase section */

/* Begin PBXSourcesBuildPhase section */
		4995C5CE1C91A68800D45899 /* Sources */ = {
			isa = PBXSourcesBuildPhase;
			buildActionMask = 2147483647;
			files = (
				4995C5D61C91A68800D45899 /* AppDelegate.swift in Sources */,
				4995C5D81C91A68800D45899 /* FirstViewController.swift in Sources */,
				4982F7701CBAA19800A9B44D /* SpecificCategoryTableVC.swift in Sources */,
				49BEC1A31CC122AB001251DA /* DetailsViewController.swift in Sources */,
				4944D8761CB7EC540095CF40 /* CategoriesViewController.swift in Sources */,
				49CF7DAB1C988595006C989A /* YourAccount.swift in Sources */,
				4944D8741CB7EC210095CF40 /* CategoryCell.swift in Sources */,
				425CE55A1C999E1500CE4530 /* EditAccountViewController.swift in Sources */,
				49A21C961CE0717A00CEE266 /* SRCopyableLabel.swift in Sources */,
				49CF7DA91C98589D006C989A /* NewAccount.swift in Sources */,
				49CF7DAD1C9891B7006C989A /* ForgrtPassword.swift in Sources */,
				49CF7DA41C985733006C989A /* Account.swift in Sources */,
			);
			runOnlyForDeploymentPostprocessing = 0;
		};
		4995C5E41C91A68800D45899 /* Sources */ = {
			isa = PBXSourcesBuildPhase;
			buildActionMask = 2147483647;
			files = (
				4995C5ED1C91A68800D45899 /* BusinessWalletTests.swift in Sources */,
			);
			runOnlyForDeploymentPostprocessing = 0;
		};
		4995C5EF1C91A68800D45899 /* Sources */ = {
			isa = PBXSourcesBuildPhase;
			buildActionMask = 2147483647;
			files = (
				4995C5F81C91A68800D45899 /* BusinessWalletUITests.swift in Sources */,
			);
			runOnlyForDeploymentPostprocessing = 0;
		};
/* End PBXSourcesBuildPhase section */

/* Begin PBXTargetDependency section */
		4995C5EA1C91A68800D45899 /* PBXTargetDependency */ = {
			isa = PBXTargetDependency;
			target = 4995C5D11C91A68800D45899 /* BusinessWallet */;
			targetProxy = 4995C5E91C91A68800D45899 /* PBXContainerItemProxy */;
		};
		4995C5F51C91A68800D45899 /* PBXTargetDependency */ = {
			isa = PBXTargetDependency;
			target = 4995C5D11C91A68800D45899 /* BusinessWallet */;
			targetProxy = 4995C5F41C91A68800D45899 /* PBXContainerItemProxy */;
		};
/* End PBXTargetDependency section */

/* Begin PBXVariantGroup section */
		4995C5E01C91A68800D45899 /* LaunchScreen.storyboard */ = {
			isa = PBXVariantGroup;
			children = (
				4995C5E11C91A68800D45899 /* Base */,
			);
			name = LaunchScreen.storyboard;
			sourceTree = "<group>";
		};
/* End PBXVariantGroup section */

/* Begin XCBuildConfiguration section */
		4995C5FA1C91A68800D45899 /* Debug */ = {
			isa = XCBuildConfiguration;
			buildSettings = {
				ALWAYS_SEARCH_USER_PATHS = NO;
				CLANG_CXX_LANGUAGE_STANDARD = "gnu++0x";
				CLANG_CXX_LIBRARY = "libc++";
				CLANG_ENABLE_MODULES = YES;
				CLANG_ENABLE_OBJC_ARC = YES;
				CLANG_WARN_BOOL_CONVERSION = YES;
				CLANG_WARN_CONSTANT_CONVERSION = YES;
				CLANG_WARN_DIRECT_OBJC_ISA_USAGE = YES_ERROR;
				CLANG_WARN_EMPTY_BODY = YES;
				CLANG_WARN_ENUM_CONVERSION = YES;
				CLANG_WARN_INT_CONVERSION = YES;
				CLANG_WARN_OBJC_ROOT_CLASS = YES_ERROR;
				CLANG_WARN_UNREACHABLE_CODE = YES;
				CLANG_WARN__DUPLICATE_METHOD_MATCH = YES;
				"CODE_SIGN_IDENTITY[sdk=iphoneos*]" = "iPhone Developer";
				COPY_PHASE_STRIP = NO;
				DEBUG_INFORMATION_FORMAT = dwarf;
				ENABLE_STRICT_OBJC_MSGSEND = YES;
				ENABLE_TESTABILITY = YES;
				GCC_C_LANGUAGE_STANDARD = gnu99;
				GCC_DYNAMIC_NO_PIC = NO;
				GCC_NO_COMMON_BLOCKS = YES;
				GCC_OPTIMIZATION_LEVEL = 0;
				GCC_PREPROCESSOR_DEFINITIONS = (
					"DEBUG=1",
					"$(inherited)",
				);
				GCC_WARN_64_TO_32_BIT_CONVERSION = YES;
				GCC_WARN_ABOUT_RETURN_TYPE = YES_ERROR;
				GCC_WARN_UNDECLARED_SELECTOR = YES;
				GCC_WARN_UNINITIALIZED_AUTOS = YES_AGGRESSIVE;
				GCC_WARN_UNUSED_FUNCTION = YES;
				GCC_WARN_UNUSED_VARIABLE = YES;
				IPHONEOS_DEPLOYMENT_TARGET = 9.1;
				MTL_ENABLE_DEBUG_INFO = YES;
				ONLY_ACTIVE_ARCH = YES;
				SDKROOT = iphoneos;
				SWIFT_OPTIMIZATION_LEVEL = "-Onone";
			};
			name = Debug;
		};
		4995C5FB1C91A68800D45899 /* Release */ = {
			isa = XCBuildConfiguration;
			buildSettings = {
				ALWAYS_SEARCH_USER_PATHS = NO;
				CLANG_CXX_LANGUAGE_STANDARD = "gnu++0x";
				CLANG_CXX_LIBRARY = "libc++";
				CLANG_ENABLE_MODULES = YES;
				CLANG_ENABLE_OBJC_ARC = YES;
				CLANG_WARN_BOOL_CONVERSION = YES;
				CLANG_WARN_CONSTANT_CONVERSION = YES;
				CLANG_WARN_DIRECT_OBJC_ISA_USAGE = YES_ERROR;
				CLANG_WARN_EMPTY_BODY = YES;
				CLANG_WARN_ENUM_CONVERSION = YES;
				CLANG_WARN_INT_CONVERSION = YES;
				CLANG_WARN_OBJC_ROOT_CLASS = YES_ERROR;
				CLANG_WARN_UNREACHABLE_CODE = YES;
				CLANG_WARN__DUPLICATE_METHOD_MATCH = YES;
				"CODE_SIGN_IDENTITY[sdk=iphoneos*]" = "iPhone Developer";
				COPY_PHASE_STRIP = NO;
				DEBUG_INFORMATION_FORMAT = "dwarf-with-dsym";
				ENABLE_NS_ASSERTIONS = NO;
				ENABLE_STRICT_OBJC_MSGSEND = YES;
				GCC_C_LANGUAGE_STANDARD = gnu99;
				GCC_NO_COMMON_BLOCKS = YES;
				GCC_WARN_64_TO_32_BIT_CONVERSION = YES;
				GCC_WARN_ABOUT_RETURN_TYPE = YES_ERROR;
				GCC_WARN_UNDECLARED_SELECTOR = YES;
				GCC_WARN_UNINITIALIZED_AUTOS = YES_AGGRESSIVE;
				GCC_WARN_UNUSED_FUNCTION = YES;
				GCC_WARN_UNUSED_VARIABLE = YES;
				IPHONEOS_DEPLOYMENT_TARGET = 9.1;
				MTL_ENABLE_DEBUG_INFO = NO;
				SDKROOT = iphoneos;
				VALIDATE_PRODUCT = YES;
			};
			name = Release;
		};
		4995C5FD1C91A68800D45899 /* Debug */ = {
			isa = XCBuildConfiguration;
			baseConfigurationReference = 7EEF437455B8D74344EB275C /* Pods.debug.xcconfig */;
			buildSettings = {
				ASSETCATALOG_COMPILER_APPICON_NAME = AppIcon;
				CLANG_ENABLE_MODULES = YES;
				CODE_SIGN_IDENTITY = "iPhone Developer";
				"CODE_SIGN_IDENTITY[sdk=iphoneos*]" = "iPhone Developer";
				INFOPLIST_FILE = BusinessWallet/Info.plist;
				IPHONEOS_DEPLOYMENT_TARGET = 9.0;
				LD_RUNPATH_SEARCH_PATHS = "$(inherited) @executable_path/Frameworks";
				PRODUCT_BUNDLE_IDENTIFIER = sa.com.Mariah;
				PRODUCT_NAME = "$(TARGET_NAME)";
				PROVISIONING_PROFILE = "";
				SWIFT_OBJC_BRIDGING_HEADER = "BusinessWallet/BusinessWallet-Bridging-Header.h";
				SWIFT_OPTIMIZATION_LEVEL = "-Onone";
			};
			name = Debug;
		};
		4995C5FE1C91A68800D45899 /* Release */ = {
			isa = XCBuildConfiguration;
			baseConfigurationReference = 60FC46EF9CF8EC941401B498 /* Pods.release.xcconfig */;
			buildSettings = {
				ASSETCATALOG_COMPILER_APPICON_NAME = AppIcon;
				CLANG_ENABLE_MODULES = YES;
				CODE_SIGN_IDENTITY = "iPhone Developer";
				"CODE_SIGN_IDENTITY[sdk=iphoneos*]" = "iPhone Developer";
				INFOPLIST_FILE = BusinessWallet/Info.plist;
				IPHONEOS_DEPLOYMENT_TARGET = 9.0;
				LD_RUNPATH_SEARCH_PATHS = "$(inherited) @executable_path/Frameworks";
				PRODUCT_BUNDLE_IDENTIFIER = sa.com.Mariah;
				PRODUCT_NAME = "$(TARGET_NAME)";
				PROVISIONING_PROFILE = "";
				SWIFT_OBJC_BRIDGING_HEADER = "BusinessWallet/BusinessWallet-Bridging-Header.h";
			};
			name = Release;
		};
		4995C6001C91A68800D45899 /* Debug */ = {
			isa = XCBuildConfiguration;
			buildSettings = {
				BUNDLE_LOADER = "$(TEST_HOST)";
				INFOPLIST_FILE = BusinessWalletTests/Info.plist;
				LD_RUNPATH_SEARCH_PATHS = "$(inherited) @executable_path/Frameworks @loader_path/Frameworks";
				PRODUCT_BUNDLE_IDENTIFIER = sa.com.BusinessWalletTests;
				PRODUCT_NAME = "$(TARGET_NAME)";
				TEST_HOST = "$(BUILT_PRODUCTS_DIR)/BusinessWallet.app/BusinessWallet";
			};
			name = Debug;
		};
		4995C6011C91A68800D45899 /* Release */ = {
			isa = XCBuildConfiguration;
			buildSettings = {
				BUNDLE_LOADER = "$(TEST_HOST)";
				INFOPLIST_FILE = BusinessWalletTests/Info.plist;
				LD_RUNPATH_SEARCH_PATHS = "$(inherited) @executable_path/Frameworks @loader_path/Frameworks";
				PRODUCT_BUNDLE_IDENTIFIER = sa.com.BusinessWalletTests;
				PRODUCT_NAME = "$(TARGET_NAME)";
				TEST_HOST = "$(BUILT_PRODUCTS_DIR)/BusinessWallet.app/BusinessWallet";
			};
			name = Release;
		};
		4995C6031C91A68800D45899 /* Debug */ = {
			isa = XCBuildConfiguration;
			buildSettings = {
				INFOPLIST_FILE = BusinessWalletUITests/Info.plist;
				LD_RUNPATH_SEARCH_PATHS = "$(inherited) @executable_path/Frameworks @loader_path/Frameworks";
				PRODUCT_BUNDLE_IDENTIFIER = sa.com.BusinessWalletUITests;
				PRODUCT_NAME = "$(TARGET_NAME)";
				TEST_TARGET_NAME = BusinessWallet;
				USES_XCTRUNNER = YES;
			};
			name = Debug;
		};
		4995C6041C91A68800D45899 /* Release */ = {
			isa = XCBuildConfiguration;
			buildSettings = {
				INFOPLIST_FILE = BusinessWalletUITests/Info.plist;
				LD_RUNPATH_SEARCH_PATHS = "$(inherited) @executable_path/Frameworks @loader_path/Frameworks";
				PRODUCT_BUNDLE_IDENTIFIER = sa.com.BusinessWalletUITests;
				PRODUCT_NAME = "$(TARGET_NAME)";
				TEST_TARGET_NAME = BusinessWallet;
				USES_XCTRUNNER = YES;
			};
			name = Release;
		};
/* End XCBuildConfiguration section */

/* Begin XCConfigurationList section */
		4995C5CD1C91A68800D45899 /* Build configuration list for PBXProject "BusinessWallet" */ = {
			isa = XCConfigurationList;
			buildConfigurations = (
				4995C5FA1C91A68800D45899 /* Debug */,
				4995C5FB1C91A68800D45899 /* Release */,
			);
			defaultConfigurationIsVisible = 0;
			defaultConfigurationName = Release;
		};
		4995C5FC1C91A68800D45899 /* Build configuration list for PBXNativeTarget "BusinessWallet" */ = {
			isa = XCConfigurationList;
			buildConfigurations = (
				4995C5FD1C91A68800D45899 /* Debug */,
				4995C5FE1C91A68800D45899 /* Release */,
			);
			defaultConfigurationIsVisible = 0;
			defaultConfigurationName = Release;
		};
		4995C5FF1C91A68800D45899 /* Build configuration list for PBXNativeTarget "BusinessWalletTests" */ = {
			isa = XCConfigurationList;
			buildConfigurations = (
				4995C6001C91A68800D45899 /* Debug */,
				4995C6011C91A68800D45899 /* Release */,
			);
			defaultConfigurationIsVisible = 0;
			defaultConfigurationName = Release;
		};
		4995C6021C91A68800D45899 /* Build configuration list for PBXNativeTarget "BusinessWalletUITests" */ = {
			isa = XCConfigurationList;
			buildConfigurations = (
				4995C6031C91A68800D45899 /* Debug */,
				4995C6041C91A68800D45899 /* Release */,
			);
			defaultConfigurationIsVisible = 0;
			defaultConfigurationName = Release;
		};
/* End XCConfigurationList section */
	};
	rootObject = 4995C5CA1C91A68800D45899 /* Project object */;
}
